// !$*UTF8*$!
{
	archiveVersion = 1;
	classes = {
	};
	objectVersion = 46;
	objects = {

/* Begin PBXBuildFile section */
		571968141E291647003F6732 /* PictureViewController.swift in Sources */ = {isa = PBXBuildFile; fileRef = 571968131E291647003F6732 /* PictureViewController.swift */; };
		576D76781E28E29200942D63 /* AppDelegate.swift in Sources */ = {isa = PBXBuildFile; fileRef = 576D76771E28E29200942D63 /* AppDelegate.swift */; };
		576D767A1E28E29200942D63 /* LoginViewController.swift in Sources */ = {isa = PBXBuildFile; fileRef = 576D76791E28E29200942D63 /* LoginViewController.swift */; };
		576D767D1E28E29200942D63 /* Main.storyboard in Resources */ = {isa = PBXBuildFile; fileRef = 576D767B1E28E29200942D63 /* Main.storyboard */; };
		576D767F1E28E29200942D63 /* Assets.xcassets in Resources */ = {isa = PBXBuildFile; fileRef = 576D767E1E28E29200942D63 /* Assets.xcassets */; };
		576D76821E28E29200942D63 /* LaunchScreen.storyboard in Resources */ = {isa = PBXBuildFile; fileRef = 576D76801E28E29200942D63 /* LaunchScreen.storyboard */; };
		576D768D1E28E29200942D63 /* FRP_TestTests.swift in Sources */ = {isa = PBXBuildFile; fileRef = 576D768C1E28E29200942D63 /* FRP_TestTests.swift */; };
		576D76981E28E29200942D63 /* FRP_TestUITests.swift in Sources */ = {isa = PBXBuildFile; fileRef = 576D76971E28E29200942D63 /* FRP_TestUITests.swift */; };
		5A9F65CCD9CE6307A18DE5F8 /* Pods_FRP_Test.framework in Frameworks */ = {isa = PBXBuildFile; fileRef = 1427D68AA06AD3C569E76690 /* Pods_FRP_Test.framework */; };
		F1D1CEFBE4F4BDED7FCE8CF6 /* Pods_FRP_TestUITests.framework in Frameworks */ = {isa = PBXBuildFile; fileRef = D0374CB33BD843ABB36FC4E3 /* Pods_FRP_TestUITests.framework */; };
		F2BF5694F1E0E4EA4488D9C9 /* Pods_FRP_TestTests.framework in Frameworks */ = {isa = PBXBuildFile; fileRef = 9872C57B2908AF53668C4CE8 /* Pods_FRP_TestTests.framework */; };
/* End PBXBuildFile section */

/* Begin PBXContainerItemProxy section */
		576D76891E28E29200942D63 /* PBXContainerItemProxy */ = {
			isa = PBXContainerItemProxy;
			containerPortal = 576D766C1E28E29200942D63 /* Project object */;
			proxyType = 1;
			remoteGlobalIDString = 576D76731E28E29200942D63;
			remoteInfo = "FRP-Test";
		};
		576D76941E28E29200942D63 /* PBXContainerItemProxy */ = {
			isa = PBXContainerItemProxy;
			containerPortal = 576D766C1E28E29200942D63 /* Project object */;
			proxyType = 1;
			remoteGlobalIDString = 576D76731E28E29200942D63;
			remoteInfo = "FRP-Test";
		};
/* End PBXContainerItemProxy section */

/* Begin PBXFileReference section */
		1427D68AA06AD3C569E76690 /* Pods_FRP_Test.framework */ = {isa = PBXFileReference; explicitFileType = wrapper.framework; includeInIndex = 0; path = Pods_FRP_Test.framework; sourceTree = BUILT_PRODUCTS_DIR; };
		16762E735646926E2AB566D5 /* Pods-FRP-Test.release.xcconfig */ = {isa = PBXFileReference; includeInIndex = 1; lastKnownFileType = text.xcconfig; name = "Pods-FRP-Test.release.xcconfig"; path = "Pods/Target Support Files/Pods-FRP-Test/Pods-FRP-Test.release.xcconfig"; sourceTree = "<group>"; };
		28DF0DC2541E0578CC276FDB /* Pods-FRP-TestTests.release.xcconfig */ = {isa = PBXFileReference; includeInIndex = 1; lastKnownFileType = text.xcconfig; name = "Pods-FRP-TestTests.release.xcconfig"; path = "Pods/Target Support Files/Pods-FRP-TestTests/Pods-FRP-TestTests.release.xcconfig"; sourceTree = "<group>"; };
		571968131E291647003F6732 /* PictureViewController.swift */ = {isa = PBXFileReference; fileEncoding = 4; lastKnownFileType = sourcecode.swift; path = PictureViewController.swift; sourceTree = "<group>"; };
		576D76741E28E29200942D63 /* FRP-Test.app */ = {isa = PBXFileReference; explicitFileType = wrapper.application; includeInIndex = 0; path = "FRP-Test.app"; sourceTree = BUILT_PRODUCTS_DIR; };
		576D76771E28E29200942D63 /* AppDelegate.swift */ = {isa = PBXFileReference; lastKnownFileType = sourcecode.swift; path = AppDelegate.swift; sourceTree = "<group>"; };
		576D76791E28E29200942D63 /* LoginViewController.swift */ = {isa = PBXFileReference; lastKnownFileType = sourcecode.swift; path = LoginViewController.swift; sourceTree = "<group>"; };
		576D767C1E28E29200942D63 /* Base */ = {isa = PBXFileReference; lastKnownFileType = file.storyboard; name = Base; path = Base.lproj/Main.storyboard; sourceTree = "<group>"; };
		576D767E1E28E29200942D63 /* Assets.xcassets */ = {isa = PBXFileReference; lastKnownFileType = folder.assetcatalog; path = Assets.xcassets; sourceTree = "<group>"; };
		576D76811E28E29200942D63 /* Base */ = {isa = PBXFileReference; lastKnownFileType = file.storyboard; name = Base; path = Base.lproj/LaunchScreen.storyboard; sourceTree = "<group>"; };
		576D76831E28E29200942D63 /* Info.plist */ = {isa = PBXFileReference; lastKnownFileType = text.plist.xml; path = Info.plist; sourceTree = "<group>"; };
		576D76881E28E29200942D63 /* FRP-TestTests.xctest */ = {isa = PBXFileReference; explicitFileType = wrapper.cfbundle; includeInIndex = 0; path = "FRP-TestTests.xctest"; sourceTree = BUILT_PRODUCTS_DIR; };
		576D768C1E28E29200942D63 /* FRP_TestTests.swift */ = {isa = PBXFileReference; lastKnownFileType = sourcecode.swift; path = FRP_TestTests.swift; sourceTree = "<group>"; };
		576D768E1E28E29200942D63 /* Info.plist */ = {isa = PBXFileReference; lastKnownFileType = text.plist.xml; path = Info.plist; sourceTree = "<group>"; };
		576D76931E28E29200942D63 /* FRP-TestUITests.xctest */ = {isa = PBXFileReference; explicitFileType = wrapper.cfbundle; includeInIndex = 0; path = "FRP-TestUITests.xctest"; sourceTree = BUILT_PRODUCTS_DIR; };
		576D76971E28E29200942D63 /* FRP_TestUITests.swift */ = {isa = PBXFileReference; lastKnownFileType = sourcecode.swift; path = FRP_TestUITests.swift; sourceTree = "<group>"; };
		576D76991E28E29200942D63 /* Info.plist */ = {isa = PBXFileReference; lastKnownFileType = text.plist.xml; path = Info.plist; sourceTree = "<group>"; };
		654BDC70D4A317DBDA63402C /* Pods-FRP-TestTests.debug.xcconfig */ = {isa = PBXFileReference; includeInIndex = 1; lastKnownFileType = text.xcconfig; name = "Pods-FRP-TestTests.debug.xcconfig"; path = "Pods/Target Support Files/Pods-FRP-TestTests/Pods-FRP-TestTests.debug.xcconfig"; sourceTree = "<group>"; };
		9872C57B2908AF53668C4CE8 /* Pods_FRP_TestTests.framework */ = {isa = PBXFileReference; explicitFileType = wrapper.framework; includeInIndex = 0; path = Pods_FRP_TestTests.framework; sourceTree = BUILT_PRODUCTS_DIR; };
		A0D764C73B3287F5AB51FA74 /* Pods-FRP-TestUITests.debug.xcconfig */ = {isa = PBXFileReference; includeInIndex = 1; lastKnownFileType = text.xcconfig; name = "Pods-FRP-TestUITests.debug.xcconfig"; path = "Pods/Target Support Files/Pods-FRP-TestUITests/Pods-FRP-TestUITests.debug.xcconfig"; sourceTree = "<group>"; };
		BD199D03B402FC71729AD09C /* Pods-FRP-TestUITests.release.xcconfig */ = {isa = PBXFileReference; includeInIndex = 1; lastKnownFileType = text.xcconfig; name = "Pods-FRP-TestUITests.release.xcconfig"; path = "Pods/Target Support Files/Pods-FRP-TestUITests/Pods-FRP-TestUITests.release.xcconfig"; sourceTree = "<group>"; };
		D0374CB33BD843ABB36FC4E3 /* Pods_FRP_TestUITests.framework */ = {isa = PBXFileReference; explicitFileType = wrapper.framework; includeInIndex = 0; path = Pods_FRP_TestUITests.framework; sourceTree = BUILT_PRODUCTS_DIR; };
		F555FD1BD87DB5F7AC13EDD6 /* Pods-FRP-Test.debug.xcconfig */ = {isa = PBXFileReference; includeInIndex = 1; lastKnownFileType = text.xcconfig; name = "Pods-FRP-Test.debug.xcconfig"; path = "Pods/Target Support Files/Pods-FRP-Test/Pods-FRP-Test.debug.xcconfig"; sourceTree = "<group>"; };
/* End PBXFileReference section */

/* Begin PBXFrameworksBuildPhase section */
		576D76711E28E29200942D63 /* Frameworks */ = {
			isa = PBXFrameworksBuildPhase;
			buildActionMask = 2147483647;
			files = (
				5A9F65CCD9CE6307A18DE5F8 /* Pods_FRP_Test.framework in Frameworks */,
			);
			runOnlyForDeploymentPostprocessing = 0;
		};
		576D76851E28E29200942D63 /* Frameworks */ = {
			isa = PBXFrameworksBuildPhase;
			buildActionMask = 2147483647;
			files = (
				F2BF5694F1E0E4EA4488D9C9 /* Pods_FRP_TestTests.framework in Frameworks */,
			);
			runOnlyForDeploymentPostprocessing = 0;
		};
		576D76901E28E29200942D63 /* Frameworks */ = {
			isa = PBXFrameworksBuildPhase;
			buildActionMask = 2147483647;
			files = (
				F1D1CEFBE4F4BDED7FCE8CF6 /* Pods_FRP_TestUITests.framework in Frameworks */,
			);
			runOnlyForDeploymentPostprocessing = 0;
		};
/* End PBXFrameworksBuildPhase section */

/* Begin PBXGroup section */
		10E71B975C7D927F834891D8 /* Pods */ = {
			isa = PBXGroup;
			children = (
				F555FD1BD87DB5F7AC13EDD6 /* Pods-FRP-Test.debug.xcconfig */,
				16762E735646926E2AB566D5 /* Pods-FRP-Test.release.xcconfig */,
				654BDC70D4A317DBDA63402C /* Pods-FRP-TestTests.debug.xcconfig */,
				28DF0DC2541E0578CC276FDB /* Pods-FRP-TestTests.release.xcconfig */,
				A0D764C73B3287F5AB51FA74 /* Pods-FRP-TestUITests.debug.xcconfig */,
				BD199D03B402FC71729AD09C /* Pods-FRP-TestUITests.release.xcconfig */,
			);
			name = Pods;
			sourceTree = "<group>";
		};
		571968151E292579003F6732 /* View */ = {
			isa = PBXGroup;
			children = (
			);
			name = View;
			sourceTree = "<group>";
		};
		571968161E29258C003F6732 /* Controller */ = {
			isa = PBXGroup;
			children = (
				576D76791E28E29200942D63 /* LoginViewController.swift */,
				571968131E291647003F6732 /* PictureViewController.swift */,
			);
			name = Controller;
			sourceTree = "<group>";
		};
		571968171E292598003F6732 /* Model */ = {
			isa = PBXGroup;
			children = (
			);
			name = Model;
			sourceTree = "<group>";
		};
		576D766B1E28E29200942D63 = {
			isa = PBXGroup;
			children = (
				576D76761E28E29200942D63 /* FRP-Test */,
				576D768B1E28E29200942D63 /* FRP-TestTests */,
				576D76961E28E29200942D63 /* FRP-TestUITests */,
				576D76751E28E29200942D63 /* Products */,
				10E71B975C7D927F834891D8 /* Pods */,
				CAB4A54F3E008377538B131B /* Frameworks */,
			);
			sourceTree = "<group>";
		};
		576D76751E28E29200942D63 /* Products */ = {
			isa = PBXGroup;
			children = (
				576D76741E28E29200942D63 /* FRP-Test.app */,
				576D76881E28E29200942D63 /* FRP-TestTests.xctest */,
				576D76931E28E29200942D63 /* FRP-TestUITests.xctest */,
			);
			name = Products;
			sourceTree = "<group>";
		};
		576D76761E28E29200942D63 /* FRP-Test */ = {
			isa = PBXGroup;
			children = (
				571968171E292598003F6732 /* Model */,
				571968161E29258C003F6732 /* Controller */,
				571968151E292579003F6732 /* View */,
				576D76771E28E29200942D63 /* AppDelegate.swift */,
				576D767B1E28E29200942D63 /* Main.storyboard */,
				576D767E1E28E29200942D63 /* Assets.xcassets */,
				576D76801E28E29200942D63 /* LaunchScreen.storyboard */,
				576D76831E28E29200942D63 /* Info.plist */,
			);
			path = "FRP-Test";
			sourceTree = "<group>";
		};
		576D768B1E28E29200942D63 /* FRP-TestTests */ = {
			isa = PBXGroup;
			children = (
				576D768C1E28E29200942D63 /* FRP_TestTests.swift */,
				576D768E1E28E29200942D63 /* Info.plist */,
			);
			path = "FRP-TestTests";
			sourceTree = "<group>";
		};
		576D76961E28E29200942D63 /* FRP-TestUITests */ = {
			isa = PBXGroup;
			children = (
				576D76971E28E29200942D63 /* FRP_TestUITests.swift */,
				576D76991E28E29200942D63 /* Info.plist */,
			);
			path = "FRP-TestUITests";
			sourceTree = "<group>";
		};
		CAB4A54F3E008377538B131B /* Frameworks */ = {
			isa = PBXGroup;
			children = (
				1427D68AA06AD3C569E76690 /* Pods_FRP_Test.framework */,
				9872C57B2908AF53668C4CE8 /* Pods_FRP_TestTests.framework */,
				D0374CB33BD843ABB36FC4E3 /* Pods_FRP_TestUITests.framework */,
			);
			name = Frameworks;
			sourceTree = "<group>";
		};
/* End PBXGroup section */

/* Begin PBXNativeTarget section */
		576D76731E28E29200942D63 /* FRP-Test */ = {
			isa = PBXNativeTarget;
			buildConfigurationList = 576D769C1E28E29200942D63 /* Build configuration list for PBXNativeTarget "FRP-Test" */;
			buildPhases = (
				F018D2E3DB131D3F12DB5942 /* [CP] Check Pods Manifest.lock */,
				576D76701E28E29200942D63 /* Sources */,
				576D76711E28E29200942D63 /* Frameworks */,
				576D76721E28E29200942D63 /* Resources */,
				4337A0E7DCCA8654E7C6676D /* [CP] Embed Pods Frameworks */,
				F1D83798F504DEE74743B3C5 /* [CP] Copy Pods Resources */,
			);
			buildRules = (
			);
			dependencies = (
			);
			name = "FRP-Test";
			productName = "FRP-Test";
			productReference = 576D76741E28E29200942D63 /* FRP-Test.app */;
			productType = "com.apple.product-type.application";
		};
		576D76871E28E29200942D63 /* FRP-TestTests */ = {
			isa = PBXNativeTarget;
			buildConfigurationList = 576D769F1E28E29200942D63 /* Build configuration list for PBXNativeTarget "FRP-TestTests" */;
			buildPhases = (
				34ADCAE2C9CE73186D0544CC /* [CP] Check Pods Manifest.lock */,
				576D76841E28E29200942D63 /* Sources */,
				576D76851E28E29200942D63 /* Frameworks */,
				576D76861E28E29200942D63 /* Resources */,
				CE2E629418EE805E3F0B8356 /* [CP] Embed Pods Frameworks */,
				CFB9FF7B51ECC165F8B223A3 /* [CP] Copy Pods Resources */,
			);
			buildRules = (
			);
			dependencies = (
				576D768A1E28E29200942D63 /* PBXTargetDependency */,
			);
			name = "FRP-TestTests";
			productName = "FRP-TestTests";
			productReference = 576D76881E28E29200942D63 /* FRP-TestTests.xctest */;
			productType = "com.apple.product-type.bundle.unit-test";
		};
		576D76921E28E29200942D63 /* FRP-TestUITests */ = {
			isa = PBXNativeTarget;
			buildConfigurationList = 576D76A21E28E29200942D63 /* Build configuration list for PBXNativeTarget "FRP-TestUITests" */;
			buildPhases = (
				BB09922938F7E051E11BDF9F /* [CP] Check Pods Manifest.lock */,
				576D768F1E28E29200942D63 /* Sources */,
				576D76901E28E29200942D63 /* Frameworks */,
				576D76911E28E29200942D63 /* Resources */,
				BA83BE3C4042B858338223D7 /* [CP] Embed Pods Frameworks */,
				11472C35ED71AD2B86DBD219 /* [CP] Copy Pods Resources */,
			);
			buildRules = (
			);
			dependencies = (
				576D76951E28E29200942D63 /* PBXTargetDependency */,
			);
			name = "FRP-TestUITests";
			productName = "FRP-TestUITests";
			productReference = 576D76931E28E29200942D63 /* FRP-TestUITests.xctest */;
			productType = "com.apple.product-type.bundle.ui-testing";
		};
/* End PBXNativeTarget section */

/* Begin PBXProject section */
		576D766C1E28E29200942D63 /* Project object */ = {
			isa = PBXProject;
			attributes = {
				LastSwiftUpdateCheck = 0820;
				LastUpgradeCheck = 0820;
				ORGANIZATIONNAME = "Ryan King";
				TargetAttributes = {
					576D76731E28E29200942D63 = {
						CreatedOnToolsVersion = 8.2.1;
						DevelopmentTeam = 65QCU6J5LM;
						ProvisioningStyle = Automatic;
					};
					576D76871E28E29200942D63 = {
						CreatedOnToolsVersion = 8.2.1;
						DevelopmentTeam = 65QCU6J5LM;
						ProvisioningStyle = Automatic;
						TestTargetID = 576D76731E28E29200942D63;
					};
					576D76921E28E29200942D63 = {
						CreatedOnToolsVersion = 8.2.1;
						DevelopmentTeam = 65QCU6J5LM;
						ProvisioningStyle = Automatic;
						TestTargetID = 576D76731E28E29200942D63;
					};
				};
			};
			buildConfigurationList = 576D766F1E28E29200942D63 /* Build configuration list for PBXProject "FRP-Test" */;
			compatibilityVersion = "Xcode 3.2";
			developmentRegion = English;
			hasScannedForEncodings = 0;
			knownRegions = (
				en,
				Base,
			);
			mainGroup = 576D766B1E28E29200942D63;
			productRefGroup = 576D76751E28E29200942D63 /* Products */;
			projectDirPath = "";
			projectRoot = "";
			targets = (
				576D76731E28E29200942D63 /* FRP-Test */,
				576D76871E28E29200942D63 /* FRP-TestTests */,
				576D76921E28E29200942D63 /* FRP-TestUITests */,
			);
		};
/* End PBXProject section */

/* Begin PBXResourcesBuildPhase section */
		576D76721E28E29200942D63 /* Resources */ = {
			isa = PBXResourcesBuildPhase;
			buildActionMask = 2147483647;
			files = (
				576D76821E28E29200942D63 /* LaunchScreen.storyboard in Resources */,
				576D767F1E28E29200942D63 /* Assets.xcassets in Resources */,
				576D767D1E28E29200942D63 /* Main.storyboard in Resources */,
			);
			runOnlyForDeploymentPostprocessing = 0;
		};
		576D76861E28E29200942D63 /* Resources */ = {
			isa = PBXResourcesBuildPhase;
			buildActionMask = 2147483647;
			files = (
			);
			runOnlyForDeploymentPostprocessing = 0;
		};
		576D76911E28E29200942D63 /* Resources */ = {
			isa = PBXResourcesBuildPhase;
			buildActionMask = 2147483647;
			files = (
			);
			runOnlyForDeploymentPostprocessing = 0;
		};
/* End PBXResourcesBuildPhase section */

/* Begin PBXShellScriptBuildPhase section */
		11472C35ED71AD2B86DBD219 /* [CP] Copy Pods Resources */ = {
			isa = PBXShellScriptBuildPhase;
			buildActionMask = 2147483647;
			files = (
			);
			inputPaths = (
			);
			name = "[CP] Copy Pods Resources";
			outputPaths = (
			);
			runOnlyForDeploymentPostprocessing = 0;
			shellPath = /bin/sh;
			shellScript = "\"${SRCROOT}/Pods/Target Support Files/Pods-FRP-TestUITests/Pods-FRP-TestUITests-resources.sh\"\n";
			showEnvVarsInLog = 0;
		};
		34ADCAE2C9CE73186D0544CC /* [CP] Check Pods Manifest.lock */ = {
			isa = PBXShellScriptBuildPhase;
			buildActionMask = 2147483647;
			files = (
			);
			inputPaths = (
			);
			name = "[CP] Check Pods Manifest.lock";
			outputPaths = (
			);
			runOnlyForDeploymentPostprocessing = 0;
			shellPath = /bin/sh;
			shellScript = "diff \"${PODS_ROOT}/../Podfile.lock\" \"${PODS_ROOT}/Manifest.lock\" > /dev/null\nif [ $? != 0 ] ; then\n    # print error to STDERR\n    echo \"error: The sandbox is not in sync with the Podfile.lock. Run 'pod install' or update your CocoaPods installation.\" >&2\n    exit 1\nfi\n";
			showEnvVarsInLog = 0;
		};
		4337A0E7DCCA8654E7C6676D /* [CP] Embed Pods Frameworks */ = {
			isa = PBXShellScriptBuildPhase;
			buildActionMask = 2147483647;
			files = (
			);
			inputPaths = (
			);
			name = "[CP] Embed Pods Frameworks";
			outputPaths = (
			);
			runOnlyForDeploymentPostprocessing = 0;
			shellPath = /bin/sh;
			shellScript = "\"${SRCROOT}/Pods/Target Support Files/Pods-FRP-Test/Pods-FRP-Test-frameworks.sh\"\n";
			showEnvVarsInLog = 0;
		};
		BA83BE3C4042B858338223D7 /* [CP] Embed Pods Frameworks */ = {
			isa = PBXShellScriptBuildPhase;
			buildActionMask = 2147483647;
			files = (
			);
			inputPaths = (
			);
			name = "[CP] Embed Pods Frameworks";
			outputPaths = (
			);
			runOnlyForDeploymentPostprocessing = 0;
			shellPath = /bin/sh;
			shellScript = "\"${SRCROOT}/Pods/Target Support Files/Pods-FRP-TestUITests/Pods-FRP-TestUITests-frameworks.sh\"\n";
			showEnvVarsInLog = 0;
		};
		BB09922938F7E051E11BDF9F /* [CP] Check Pods Manifest.lock */ = {
			isa = PBXShellScriptBuildPhase;
			buildActionMask = 2147483647;
			files = (
			);
			inputPaths = (
			);
			name = "[CP] Check Pods Manifest.lock";
			outputPaths = (
			);
			runOnlyForDeploymentPostprocessing = 0;
			shellPath = /bin/sh;
			shellScript = "diff \"${PODS_ROOT}/../Podfile.lock\" \"${PODS_ROOT}/Manifest.lock\" > /dev/null\nif [ $? != 0 ] ; then\n    # print error to STDERR\n    echo \"error: The sandbox is not in sync with the Podfile.lock. Run 'pod install' or update your CocoaPods installation.\" >&2\n    exit 1\nfi\n";
			showEnvVarsInLog = 0;
		};
		CE2E629418EE805E3F0B8356 /* [CP] Embed Pods Frameworks */ = {
			isa = PBXShellScriptBuildPhase;
			buildActionMask = 2147483647;
			files = (
			);
			inputPaths = (
			);
			name = "[CP] Embed Pods Frameworks";
			outputPaths = (
			);
			runOnlyForDeploymentPostprocessing = 0;
			shellPath = /bin/sh;
			shellScript = "\"${SRCROOT}/Pods/Target Support Files/Pods-FRP-TestTests/Pods-FRP-TestTests-frameworks.sh\"\n";
			showEnvVarsInLog = 0;
		};
		CFB9FF7B51ECC165F8B223A3 /* [CP] Copy Pods Resources */ = {
			isa = PBXShellScriptBuildPhase;
			buildActionMask = 2147483647;
			files = (
			);
			inputPaths = (
			);
			name = "[CP] Copy Pods Resources";
			outputPaths = (
			);
			runOnlyForDeploymentPostprocessing = 0;
			shellPath = /bin/sh;
			shellScript = "\"${SRCROOT}/Pods/Target Support Files/Pods-FRP-TestTests/Pods-FRP-TestTests-resources.sh\"\n";
			showEnvVarsInLog = 0;
		};
		F018D2E3DB131D3F12DB5942 /* [CP] Check Pods Manifest.lock */ = {
			isa = PBXShellScriptBuildPhase;
			buildActionMask = 2147483647;
			files = (
			);
			inputPaths = (
			);
			name = "[CP] Check Pods Manifest.lock";
			outputPaths = (
			);
			runOnlyForDeploymentPostprocessing = 0;
			shellPath = /bin/sh;
			shellScript = "diff \"${PODS_ROOT}/../Podfile.lock\" \"${PODS_ROOT}/Manifest.lock\" > /dev/null\nif [ $? != 0 ] ; then\n    # print error to STDERR\n    echo \"error: The sandbox is not in sync with the Podfile.lock. Run 'pod install' or update your CocoaPods installation.\" >&2\n    exit 1\nfi\n";
			showEnvVarsInLog = 0;
		};
		F1D83798F504DEE74743B3C5 /* [CP] Copy Pods Resources */ = {
			isa = PBXShellScriptBuildPhase;
			buildActionMask = 2147483647;
			files = (
			);
			inputPaths = (
			);
			name = "[CP] Copy Pods Resources";
			outputPaths = (
			);
			runOnlyForDeploymentPostprocessing = 0;
			shellPath = /bin/sh;
			shellScript = "\"${SRCROOT}/Pods/Target Support Files/Pods-FRP-Test/Pods-FRP-Test-resources.sh\"\n";
			showEnvVarsInLog = 0;
		};
/* End PBXShellScriptBuildPhase section */

/* Begin PBXSourcesBuildPhase section */
		576D76701E28E29200942D63 /* Sources */ = {
			isa = PBXSourcesBuildPhase;
			buildActionMask = 2147483647;
			files = (
				576D767A1E28E29200942D63 /* LoginViewController.swift in Sources */,
				576D76781E28E29200942D63 /* AppDelegate.swift in Sources */,
				571968141E291647003F6732 /* PictureViewController.swift in Sources */,
			);
			runOnlyForDeploymentPostprocessing = 0;
		};
		576D76841E28E29200942D63 /* Sources */ = {
			isa = PBXSourcesBuildPhase;
			buildActionMask = 2147483647;
			files = (
				576D768D1E28E29200942D63 /* FRP_TestTests.swift in Sources */,
			);
			runOnlyForDeploymentPostprocessing = 0;
		};
		576D768F1E28E29200942D63 /* Sources */ = {
			isa = PBXSourcesBuildPhase;
			buildActionMask = 2147483647;
			files = (
				576D76981E28E29200942D63 /* FRP_TestUITests.swift in Sources */,
			);
			runOnlyForDeploymentPostprocessing = 0;
		};
/* End PBXSourcesBuildPhase section */

/* Begin PBXTargetDependency section */
		576D768A1E28E29200942D63 /* PBXTargetDependency */ = {
			isa = PBXTargetDependency;
			target = 576D76731E28E29200942D63 /* FRP-Test */;
			targetProxy = 576D76891E28E29200942D63 /* PBXContainerItemProxy */;
		};
		576D76951E28E29200942D63 /* PBXTargetDependency */ = {
			isa = PBXTargetDependency;
			target = 576D76731E28E29200942D63 /* FRP-Test */;
			targetProxy = 576D76941E28E29200942D63 /* PBXContainerItemProxy */;
		};
/* End PBXTargetDependency section */

/* Begin PBXVariantGroup section */
		576D767B1E28E29200942D63 /* Main.storyboard */ = {
			isa = PBXVariantGroup;
			children = (
				576D767C1E28E29200942D63 /* Base */,
			);
			name = Main.storyboard;
			sourceTree = "<group>";
		};
		576D76801E28E29200942D63 /* LaunchScreen.storyboard */ = {
			isa = PBXVariantGroup;
			children = (
				576D76811E28E29200942D63 /* Base */,
			);
			name = LaunchScreen.storyboard;
			sourceTree = "<group>";
		};
/* End PBXVariantGroup section */

/* Begin XCBuildConfiguration section */
		576D769A1E28E29200942D63 /* Debug */ = {
			isa = XCBuildConfiguration;
			buildSettings = {
				ALWAYS_SEARCH_USER_PATHS = NO;
				CLANG_ANALYZER_NONNULL = YES;
				CLANG_CXX_LANGUAGE_STANDARD = "gnu++0x";
				CLANG_CXX_LIBRARY = "libc++";
				CLANG_ENABLE_MODULES = YES;
				CLANG_ENABLE_OBJC_ARC = YES;
				CLANG_WARN_BOOL_CONVERSION = YES;
				CLANG_WARN_CONSTANT_CONVERSION = YES;
				CLANG_WARN_DIRECT_OBJC_ISA_USAGE = YES_ERROR;
				CLANG_WARN_DOCUMENTATION_COMMENTS = YES;
				CLANG_WARN_EMPTY_BODY = YES;
				CLANG_WARN_ENUM_CONVERSION = YES;
				CLANG_WARN_INFINITE_RECURSION = YES;
				CLANG_WARN_INT_CONVERSION = YES;
				CLANG_WARN_OBJC_ROOT_CLASS = YES_ERROR;
				CLANG_WARN_SUSPICIOUS_MOVE = YES;
				CLANG_WARN_UNREACHABLE_CODE = YES;
				CLANG_WARN__DUPLICATE_METHOD_MATCH = YES;
				"CODE_SIGN_IDENTITY[sdk=iphoneos*]" = "iPhone Developer";
				COPY_PHASE_STRIP = NO;
				DEBUG_INFORMATION_FORMAT = dwarf;
				ENABLE_STRICT_OBJC_MSGSEND = YES;
				ENABLE_TESTABILITY = YES;
				GCC_C_LANGUAGE_STANDARD = gnu99;
				GCC_DYNAMIC_NO_PIC = NO;
				GCC_NO_COMMON_BLOCKS = YES;
				GCC_OPTIMIZATION_LEVEL = 0;
				GCC_PREPROCESSOR_DEFINITIONS = (
					"DEBUG=1",
					"$(inherited)",
				);
				GCC_WARN_64_TO_32_BIT_CONVERSION = YES;
				GCC_WARN_ABOUT_RETURN_TYPE = YES_ERROR;
				GCC_WARN_UNDECLARED_SELECTOR = YES;
				GCC_WARN_UNINITIALIZED_AUTOS = YES_AGGRESSIVE;
				GCC_WARN_UNUSED_FUNCTION = YES;
				GCC_WARN_UNUSED_VARIABLE = YES;
				IPHONEOS_DEPLOYMENT_TARGET = 10.2;
				MTL_ENABLE_DEBUG_INFO = YES;
				ONLY_ACTIVE_ARCH = YES;
				SDKROOT = iphoneos;
				SWIFT_ACTIVE_COMPILATION_CONDITIONS = DEBUG;
				SWIFT_OPTIMIZATION_LEVEL = "-Onone";
			};
			name = Debug;
		};
		576D769B1E28E29200942D63 /* Release */ = {
			isa = XCBuildConfiguration;
			buildSettings = {
				ALWAYS_SEARCH_USER_PATHS = NO;
				CLANG_ANALYZER_NONNULL = YES;
				CLANG_CXX_LANGUAGE_STANDARD = "gnu++0x";
				CLANG_CXX_LIBRARY = "libc++";
				CLANG_ENABLE_MODULES = YES;
				CLANG_ENABLE_OBJC_ARC = YES;
				CLANG_WARN_BOOL_CONVERSION = YES;
				CLANG_WARN_CONSTANT_CONVERSION = YES;
				CLANG_WARN_DIRECT_OBJC_ISA_USAGE = YES_ERROR;
				CLANG_WARN_DOCUMENTATION_COMMENTS = YES;
				CLANG_WARN_EMPTY_BODY = YES;
				CLANG_WARN_ENUM_CONVERSION = YES;
				CLANG_WARN_INFINITE_RECURSION = YES;
				CLANG_WARN_INT_CONVERSION = YES;
				CLANG_WARN_OBJC_ROOT_CLASS = YES_ERROR;
				CLANG_WARN_SUSPICIOUS_MOVE = YES;
				CLANG_WARN_UNREACHABLE_CODE = YES;
				CLANG_WARN__DUPLICATE_METHOD_MATCH = YES;
				"CODE_SIGN_IDENTITY[sdk=iphoneos*]" = "iPhone Developer";
				COPY_PHASE_STRIP = NO;
				DEBUG_INFORMATION_FORMAT = "dwarf-with-dsym";
				ENABLE_NS_ASSERTIONS = NO;
				ENABLE_STRICT_OBJC_MSGSEND = YES;
				GCC_C_LANGUAGE_STANDARD = gnu99;
				GCC_NO_COMMON_BLOCKS = YES;
				GCC_WARN_64_TO_32_BIT_CONVERSION = YES;
				GCC_WARN_ABOUT_RETURN_TYPE = YES_ERROR;
				GCC_WARN_UNDECLARED_SELECTOR = YES;
				GCC_WARN_UNINITIALIZED_AUTOS = YES_AGGRESSIVE;
				GCC_WARN_UNUSED_FUNCTION = YES;
				GCC_WARN_UNUSED_VARIABLE = YES;
				IPHONEOS_DEPLOYMENT_TARGET = 10.2;
				MTL_ENABLE_DEBUG_INFO = NO;
				SDKROOT = iphoneos;
				SWIFT_OPTIMIZATION_LEVEL = "-Owholemodule";
				VALIDATE_PRODUCT = YES;
			};
			name = Release;
		};
		576D769D1E28E29200942D63 /* Debug */ = {
			isa = XCBuildConfiguration;
			baseConfigurationReference = F555FD1BD87DB5F7AC13EDD6 /* Pods-FRP-Test.debug.xcconfig */;
			buildSettings = {
				ALWAYS_EMBED_SWIFT_STANDARD_LIBRARIES = YES;
				ASSETCATALOG_COMPILER_APPICON_NAME = AppIcon;
				DEVELOPMENT_TEAM = 65QCU6J5LM;
				INFOPLIST_FILE = "FRP-Test/Info.plist";
				LD_RUNPATH_SEARCH_PATHS = "$(inherited) @executable_path/Frameworks";
				PRODUCT_BUNDLE_IDENTIFIER = "com.CrowdScores.FRP-Test";
				PRODUCT_NAME = "$(TARGET_NAME)";
				SWIFT_VERSION = 3.0;
			};
			name = Debug;
		};
		576D769E1E28E29200942D63 /* Release */ = {
			isa = XCBuildConfiguration;
			baseConfigurationReference = 16762E735646926E2AB566D5 /* Pods-FRP-Test.release.xcconfig */;
			buildSettings = {
				ALWAYS_EMBED_SWIFT_STANDARD_LIBRARIES = YES;
				ASSETCATALOG_COMPILER_APPICON_NAME = AppIcon;
				DEVELOPMENT_TEAM = 65QCU6J5LM;
				INFOPLIST_FILE = "FRP-Test/Info.plist";
				LD_RUNPATH_SEARCH_PATHS = "$(inherited) @executable_path/Frameworks";
				PRODUCT_BUNDLE_IDENTIFIER = "com.CrowdScores.FRP-Test";
				PRODUCT_NAME = "$(TARGET_NAME)";
				SWIFT_VERSION = 3.0;
			};
			name = Release;
		};
		576D76A01E28E29200942D63 /* Debug */ = {
			isa = XCBuildConfiguration;
			baseConfigurationReference = 654BDC70D4A317DBDA63402C /* Pods-FRP-TestTests.debug.xcconfig */;
			buildSettings = {
				ALWAYS_EMBED_SWIFT_STANDARD_LIBRARIES = YES;
				BUNDLE_LOADER = "$(TEST_HOST)";
				DEVELOPMENT_TEAM = 65QCU6J5LM;
				INFOPLIST_FILE = "FRP-TestTests/Info.plist";
				LD_RUNPATH_SEARCH_PATHS = "$(inherited) @executable_path/Frameworks @loader_path/Frameworks";
				PRODUCT_BUNDLE_IDENTIFIER = "com.CrowdScores.FRP-TestTests";
				PRODUCT_NAME = "$(TARGET_NAME)";
				SWIFT_VERSION = 3.0;
				TEST_HOST = "$(BUILT_PRODUCTS_DIR)/FRP-Test.app/FRP-Test";
			};
			name = Debug;
		};
		576D76A11E28E29200942D63 /* Release */ = {
			isa = XCBuildConfiguration;
			baseConfigurationReference = 28DF0DC2541E0578CC276FDB /* Pods-FRP-TestTests.release.xcconfig */;
			buildSettings = {
				ALWAYS_EMBED_SWIFT_STANDARD_LIBRARIES = YES;
				BUNDLE_LOADER = "$(TEST_HOST)";
				DEVELOPMENT_TEAM = 65QCU6J5LM;
				INFOPLIST_FILE = "FRP-TestTests/Info.plist";
				LD_RUNPATH_SEARCH_PATHS = "$(inherited) @executable_path/Frameworks @loader_path/Frameworks";
				PRODUCT_BUNDLE_IDENTIFIER = "com.CrowdScores.FRP-TestTests";
				PRODUCT_NAME = "$(TARGET_NAME)";
				SWIFT_VERSION = 3.0;
				TEST_HOST = "$(BUILT_PRODUCTS_DIR)/FRP-Test.app/FRP-Test";
			};
			name = Release;
		};
		576D76A31E28E29200942D63 /* Debug */ = {
			isa = XCBuildConfiguration;
			baseConfigurationReference = A0D764C73B3287F5AB51FA74 /* Pods-FRP-TestUITests.debug.xcconfig */;
			buildSettings = {
				ALWAYS_EMBED_SWIFT_STANDARD_LIBRARIES = YES;
				DEVELOPMENT_TEAM = 65QCU6J5LM;
				INFOPLIST_FILE = "FRP-TestUITests/Info.plist";
				LD_RUNPATH_SEARCH_PATHS = "$(inherited) @executable_path/Frameworks @loader_path/Frameworks";
				PRODUCT_BUNDLE_IDENTIFIER = "com.CrowdScores.FRP-TestUITests";
				PRODUCT_NAME = "$(TARGET_NAME)";
				SWIFT_VERSION = 3.0;
				TEST_TARGET_NAME = "FRP-Test";
			};
			name = Debug;
		};
		576D76A41E28E29200942D63 /* Release */ = {
			isa = XCBuildConfiguration;
			baseConfigurationReference = BD199D03B402FC71729AD09C /* Pods-FRP-TestUITests.release.xcconfig */;
			buildSettings = {
				ALWAYS_EMBED_SWIFT_STANDARD_LIBRARIES = YES;
				DEVELOPMENT_TEAM = 65QCU6J5LM;
				INFOPLIST_FILE = "FRP-TestUITests/Info.plist";
				LD_RUNPATH_SEARCH_PATHS = "$(inherited) @executable_path/Frameworks @loader_path/Frameworks";
				PRODUCT_BUNDLE_IDENTIFIER = "com.CrowdScores.FRP-TestUITests";
				PRODUCT_NAME = "$(TARGET_NAME)";
				SWIFT_VERSION = 3.0;
				TEST_TARGET_NAME = "FRP-Test";
			};
			name = Release;
		};
/* End XCBuildConfiguration section */

/* Begin XCConfigurationList section */
		576D766F1E28E29200942D63 /* Build configuration list for PBXProject "FRP-Test" */ = {
			isa = XCConfigurationList;
			buildConfigurations = (
				576D769A1E28E29200942D63 /* Debug */,
				576D769B1E28E29200942D63 /* Release */,
			);
			defaultConfigurationIsVisible = 0;
			defaultConfigurationName = Release;
		};
		576D769C1E28E29200942D63 /* Build configuration list for PBXNativeTarget "FRP-Test" */ = {
			isa = XCConfigurationList;
			buildConfigurations = (
				576D769D1E28E29200942D63 /* Debug */,
				576D769E1E28E29200942D63 /* Release */,
			);
			defaultConfigurationIsVisible = 0;
			defaultConfigurationName = Release;
		};
		576D769F1E28E29200942D63 /* Build configuration list for PBXNativeTarget "FRP-TestTests" */ = {
			isa = XCConfigurationList;
			buildConfigurations = (
				576D76A01E28E29200942D63 /* Debug */,
				576D76A11E28E29200942D63 /* Release */,
			);
			defaultConfigurationIsVisible = 0;
			defaultConfigurationName = Release;
		};
		576D76A21E28E29200942D63 /* Build configuration list for PBXNativeTarget "FRP-TestUITests" */ = {
			isa = XCConfigurationList;
			buildConfigurations = (
				576D76A31E28E29200942D63 /* Debug */,
				576D76A41E28E29200942D63 /* Release */,
			);
			defaultConfigurationIsVisible = 0;
			defaultConfigurationName = Release;
		};
/* End XCConfigurationList section */
	};
	rootObject = 576D766C1E28E29200942D63 /* Project object */;
}
